
Microsoft Visual Studio Solution File, Format Version 12.00
# Visual Studio Version 17
VisualStudioVersion = 17.9.34728.123
MinimumVisualStudioVersion = 10.0.40219.1
Project("{2150E333-8FDC-42A3-9474-1A3956D46DE8}") = "Core", "Core", "{C41731BF-920B-4D07-A68F-5E7EC37B61F8}"
EndProject
Project("{9A19103F-16F7-4668-BE54-9A1E7A4F7556}") = "Domain", "Domain\Domain.csproj", "{C02EFA05-53B8-43CA-9A47-9795497F0B03}"
EndProject
Project("{9A19103F-16F7-4668-BE54-9A1E7A4F7556}") = "Application", "Application\Application.csproj", "{4DE8AAC3-5277-4843-92AA-71D15B2BBF10}"
EndProject
Project("{2150E333-8FDC-42A3-9474-1A3956D46DE8}") = "Infrastructure", "Infrastructure", "{36D4FD7F-521E-4724-9406-49FB9871D5D9}"
EndProject
Project("{9A19103F-16F7-4668-BE54-9A1E7A4F7556}") = "Repository", "Repository\Repository.csproj", "{5A844102-8620-424A-984C-1AA3D8789D11}"
EndProject
Project("{9A19103F-16F7-4668-BE54-9A1E7A4F7556}") = "IoC", "IoC\IoC.csproj", "{6D8E3680-ABD5-415A-AE0E-275489828EE3}"
EndProject
Project("{2150E333-8FDC-42A3-9474-1A3956D46DE8}") = "Web", "Web", "{41A1CFE6-5E16-40B0-AA4B-F6474006F585}"
EndProject
Project("{9A19103F-16F7-4668-BE54-9A1E7A4F7556}") = "WebAPI", "WebAPI\WebAPI.csproj", "{BE3013CF-0DAE-411A-9418-89B7F5C015F0}"
EndProject
Project("{2150E333-8FDC-42A3-9474-1A3956D46DE8}") = "Tests", "Tests", "{2657FEBC-C26C-4332-9C43-574F3180410E}"
EndProject
Project("{FAE04EC0-301F-11D3-BF4B-00C04F79EFBC}") = "Domain.Tests", "..\Domain\Domain.Tests.csproj", "{08694270-CC78-48A8-B924-6DAD1B7889E8}"
EndProject
Global
	GlobalSection(SolutionConfigurationPlatforms) = preSolution
		Debug|Any CPU = Debug|Any CPU
		Release|Any CPU = Release|Any CPU
	EndGlobalSection
	GlobalSection(ProjectConfigurationPlatforms) = postSolution
		{C02EFA05-53B8-43CA-9A47-9795497F0B03}.Debug|Any CPU.ActiveCfg = Debug|Any CPU
		{C02EFA05-53B8-43CA-9A47-9795497F0B03}.Debug|Any CPU.Build.0 = Debug|Any CPU
		{C02EFA05-53B8-43CA-9A47-9795497F0B03}.Release|Any CPU.ActiveCfg = Release|Any CPU
		{C02EFA05-53B8-43CA-9A47-9795497F0B03}.Release|Any CPU.Build.0 = Release|Any CPU
		{4DE8AAC3-5277-4843-92AA-71D15B2BBF10}.Debug|Any CPU.ActiveCfg = Debug|Any CPU
		{4DE8AAC3-5277-4843-92AA-71D15B2BBF10}.Debug|Any CPU.Build.0 = Debug|Any CPU
		{4DE8AAC3-5277-4843-92AA-71D15B2BBF10}.Release|Any CPU.ActiveCfg = Release|Any CPU
		{4DE8AAC3-5277-4843-92AA-71D15B2BBF10}.Release|Any CPU.Build.0 = Release|Any CPU
		{5A844102-8620-424A-984C-1AA3D8789D11}.Debug|Any CPU.ActiveCfg = Debug|Any CPU
		{5A844102-8620-424A-984C-1AA3D8789D11}.Debug|Any CPU.Build.0 = Debug|Any CPU
		{5A844102-8620-424A-984C-1AA3D8789D11}.Release|Any CPU.ActiveCfg = Release|Any CPU
		{5A844102-8620-424A-984C-1AA3D8789D11}.Release|Any CPU.Build.0 = Release|Any CPU
		{6D8E3680-ABD5-415A-AE0E-275489828EE3}.Debug|Any CPU.ActiveCfg = Debug|Any CPU
		{6D8E3680-ABD5-415A-AE0E-275489828EE3}.Debug|Any CPU.Build.0 = Debug|Any CPU
		{6D8E3680-ABD5-415A-AE0E-275489828EE3}.Release|Any CPU.ActiveCfg = Release|Any CPU
		{6D8E3680-ABD5-415A-AE0E-275489828EE3}.Release|Any CPU.Build.0 = Release|Any CPU
		{BE3013CF-0DAE-411A-9418-89B7F5C015F0}.Debug|Any CPU.ActiveCfg = Debug|Any CPU
		{BE3013CF-0DAE-411A-9418-89B7F5C015F0}.Debug|Any CPU.Build.0 = Debug|Any CPU
		{BE3013CF-0DAE-411A-9418-89B7F5C015F0}.Release|Any CPU.ActiveCfg = Release|Any CPU
		{BE3013CF-0DAE-411A-9418-89B7F5C015F0}.Release|Any CPU.Build.0 = Release|Any CPU
		{08694270-CC78-48A8-B924-6DAD1B7889E8}.Debug|Any CPU.ActiveCfg = Debug|Any CPU
		{08694270-CC78-48A8-B924-6DAD1B7889E8}.Debug|Any CPU.Build.0 = Debug|Any CPU
		{08694270-CC78-48A8-B924-6DAD1B7889E8}.Release|Any CPU.ActiveCfg = Release|Any CPU
		{08694270-CC78-48A8-B924-6DAD1B7889E8}.Release|Any CPU.Build.0 = Release|Any CPU
	EndGlobalSection
	GlobalSection(SolutionProperties) = preSolution
		HideSolutionNode = FALSE
	EndGlobalSection
	GlobalSection(NestedProjects) = preSolution
		{C02EFA05-53B8-43CA-9A47-9795497F0B03} = {C41731BF-920B-4D07-A68F-5E7EC37B61F8}
		{4DE8AAC3-5277-4843-92AA-71D15B2BBF10} = {C41731BF-920B-4D07-A68F-5E7EC37B61F8}
		{5A844102-8620-424A-984C-1AA3D8789D11} = {36D4FD7F-521E-4724-9406-49FB9871D5D9}
		{6D8E3680-ABD5-415A-AE0E-275489828EE3} = {36D4FD7F-521E-4724-9406-49FB9871D5D9}
		{BE3013CF-0DAE-411A-9418-89B7F5C015F0} = {41A1CFE6-5E16-40B0-AA4B-F6474006F585}
		{08694270-CC78-48A8-B924-6DAD1B7889E8} = {2657FEBC-C26C-4332-9C43-574F3180410E}
	EndGlobalSection
	GlobalSection(ExtensibilityGlobals) = postSolution
		SolutionGuid = {A2275550-9161-41CB-8C81-08CF385C42C9}
	EndGlobalSection
EndGlobal
